
Microsoft Visual Studio Solution File, Format Version 12.00
# Visual Studio 15
VisualStudioVersion = 15.0.27428.2002
MinimumVisualStudioVersion = 10.0.40219.1
Project("{FAE04EC0-301F-11D3-BF4B-00C04F79EFBC}") = "NeuralNetwork", "NeuralNetwork\NeuralNetwork.csproj", "{9EB7FEA5-B808-467A-B49A-1503A60F46B0}"
EndProject
Global
	GlobalSection(SolutionConfigurationPlatforms) = preSolution
		Debug|Any CPU = Debug|Any CPU
		Release|Any CPU = Release|Any CPU
	EndGlobalSection
	GlobalSection(ProjectConfigurationPlatforms) = postSolution
		{9EB7FEA5-B808-467A-B49A-1503A60F46B0}.Debug|Any CPU.ActiveCfg = Debug|Any CPU
		{9EB7FEA5-B808-467A-B49A-1503A60F46B0}.Debug|Any CPU.Build.0 = Debug|Any CPU
		{9EB7FEA5-B808-467A-B49A-1503A60F46B0}.Release|Any CPU.ActiveCfg = Release|Any CPU
		{9EB7FEA5-B808-467A-B49A-1503A60F46B0}.Release|Any CPU.Build.0 = Release|Any CPU
	EndGlobalSection
	GlobalSection(SolutionProperties) = preSolution
		HideSolutionNode = FALSE
	EndGlobalSection
	GlobalSection(ExtensibilityGlobals) = postSolution
		SolutionGuid = {C22B8868-095C-4CE5-BE8D-2AC9A8859B20}
	EndGlobalSection
EndGlobal
